
Microsoft Visual Studio Solution File, Format Version 12.00
# Visual Studio 15
VisualStudioVersion = 15.0.28010.2050
MinimumVisualStudioVersion = 10.0.40219.1
Project("{9A19103F-16F7-4668-BE54-9A1E7A4F7556}") = "DeveBlockStacker.DotnetCoreOpenGL", "DeveBlockStacker.DotnetCoreOpenGL\DeveBlockStacker.DotnetCoreOpenGL.csproj", "{E376D924-F51C-4033-8088-5B4853700E3F}"
EndProject
Project("{D954291E-2A0B-460D-934E-DC6B0785DB48}") = "DeveBlockStacker.Shared", "DeveBlockStacker.Shared\DeveBlockStacker.Shared.shproj", "{8693457C-1F84-483F-B095-9AC9ECD4D83C}"
EndProject
Project("{9A19103F-16F7-4668-BE54-9A1E7A4F7556}") = "DeveBlockStacker.Content", "DeveBlockStacker.Content\DeveBlockStacker.Content.csproj", "{5A25730F-00AB-4CEB-B567-A46766FF6F93}"
EndProject
Project("{FAE04EC0-301F-11D3-BF4B-00C04F79EFBC}") = "DeveBlockStacker.Android", "DeveBlockStacker.Android\DeveBlockStacker.Android.csproj", "{AA2BD1CD-9589-41F1-A306-629A674F302F}"
EndProject
Project("{FAE04EC0-301F-11D3-BF4B-00C04F79EFBC}") = "DeveBlockStacker.iOS", "DeveBlockStacker.iOS\DeveBlockStacker.iOS.csproj", "{D43C53F3-64B2-4BC8-820C-0673339A7A83}"
EndProject
Project("{FAE04EC0-301F-11D3-BF4B-00C04F79EFBC}") = "DeveBlockStacker.UWP", "DeveBlockStacker.UWP\DeveBlockStacker.UWP.csproj", "{4271BFD8-3C63-4D04-919E-D0E8618A3F2D}"
EndProject
Project("{FAE04EC0-301F-11D3-BF4B-00C04F79EFBC}") = "DeveBlockStacker.Windows", "DeveBlockStacker.Windows\DeveBlockStacker.Windows.csproj", "{252FE0EE-378E-4B35-B06A-BD6EDBD522B2}"
EndProject
Project("{FAE04EC0-301F-11D3-BF4B-00C04F79EFBC}") = "DeveBlockStacker.DesktopGL", "DeveBlockStacker.DesktopGL\DeveBlockStacker.DesktopGL.csproj", "{54BA3295-7CC7-4F4D-903A-E8928CD96ECD}"
EndProject
Global
	GlobalSection(SharedMSBuildProjectFiles) = preSolution
		DeveBlockStacker.Shared\DeveBlockStacker.Shared.projitems*{252fe0ee-378e-4b35-b06a-bd6edbd522b2}*SharedItemsImports = 4
		DeveBlockStacker.Shared\DeveBlockStacker.Shared.projitems*{4271bfd8-3c63-4d04-919e-d0e8618a3f2d}*SharedItemsImports = 4
		DeveBlockStacker.Shared\DeveBlockStacker.Shared.projitems*{54ba3295-7cc7-4f4d-903a-e8928cd96ecd}*SharedItemsImports = 4
		DeveBlockStacker.Shared\DeveBlockStacker.Shared.projitems*{8693457c-1f84-483f-b095-9ac9ecd4d83c}*SharedItemsImports = 13
		DeveBlockStacker.Shared\DeveBlockStacker.Shared.projitems*{aa2bd1cd-9589-41f1-a306-629a674f302f}*SharedItemsImports = 4
	EndGlobalSection
	GlobalSection(SolutionConfigurationPlatforms) = preSolution
		Ad-Hoc|Any CPU = Ad-Hoc|Any CPU
		Ad-Hoc|ARM = Ad-Hoc|ARM
		Ad-Hoc|iPhone = Ad-Hoc|iPhone
		Ad-Hoc|iPhoneSimulator = Ad-Hoc|iPhoneSimulator
		Ad-Hoc|x64 = Ad-Hoc|x64
		Ad-Hoc|x86 = Ad-Hoc|x86
		AppStore|Any CPU = AppStore|Any CPU
		AppStore|ARM = AppStore|ARM
		AppStore|iPhone = AppStore|iPhone
		AppStore|iPhoneSimulator = AppStore|iPhoneSimulator
		AppStore|x64 = AppStore|x64
		AppStore|x86 = AppStore|x86
		Debug|Any CPU = Debug|Any CPU
		Debug|ARM = Debug|ARM
		Debug|iPhone = Debug|iPhone
		Debug|iPhoneSimulator = Debug|iPhoneSimulator
		Debug|x64 = Debug|x64
		Debug|x86 = Debug|x86
		Release|Any CPU = Release|Any CPU
		Release|ARM = Release|ARM
		Release|iPhone = Release|iPhone
		Release|iPhoneSimulator = Release|iPhoneSimulator
		Release|x64 = Release|x64
		Release|x86 = Release|x86
	EndGlobalSection
	GlobalSection(ProjectConfigurationPlatforms) = postSolution
		{E376D924-F51C-4033-8088-5B4853700E3F}.Ad-Hoc|Any CPU.ActiveCfg = Release|Any CPU
		{E376D924-F51C-4033-8088-5B4853700E3F}.Ad-Hoc|Any CPU.Build.0 = Release|Any CPU
		{E376D924-F51C-4033-8088-5B4853700E3F}.Ad-Hoc|ARM.ActiveCfg = Release|Any CPU
		{E376D924-F51C-4033-8088-5B4853700E3F}.Ad-Hoc|ARM.Build.0 = Release|Any CPU
		{E376D924-F51C-4033-8088-5B4853700E3F}.Ad-Hoc|iPhone.ActiveCfg = Release|Any CPU
		{E376D924-F51C-4033-8088-5B4853700E3F}.Ad-Hoc|iPhone.Build.0 = Release|Any CPU
		{E376D924-F51C-4033-8088-5B4853700E3F}.Ad-Hoc|iPhoneSimulator.ActiveCfg = Release|Any CPU
		{E376D924-F51C-4033-8088-5B4853700E3F}.Ad-Hoc|iPhoneSimulator.Build.0 = Release|Any CPU
		{E376D924-F51C-4033-8088-5B4853700E3F}.Ad-Hoc|x64.ActiveCfg = Release|Any CPU
		{E376D924-F51C-4033-8088-5B4853700E3F}.Ad-Hoc|x64.Build.0 = Release|Any CPU
		{E376D924-F51C-4033-8088-5B4853700E3F}.Ad-Hoc|x86.ActiveCfg = Release|Any CPU
		{E376D924-F51C-4033-8088-5B4853700E3F}.Ad-Hoc|x86.Build.0 = Release|Any CPU
		{E376D924-F51C-4033-8088-5B4853700E3F}.AppStore|Any CPU.ActiveCfg = Release|Any CPU
		{E376D924-F51C-4033-8088-5B4853700E3F}.AppStore|Any CPU.Build.0 = Release|Any CPU
		{E376D924-F51C-4033-8088-5B4853700E3F}.AppStore|ARM.ActiveCfg = Release|Any CPU
		{E376D924-F51C-4033-8088-5B4853700E3F}.AppStore|ARM.Build.0 = Release|Any CPU
		{E376D924-F51C-4033-8088-5B4853700E3F}.AppStore|iPhone.ActiveCfg = Release|Any CPU
		{E376D924-F51C-4033-8088-5B4853700E3F}.AppStore|iPhone.Build.0 = Release|Any CPU
		{E376D924-F51C-4033-8088-5B4853700E3F}.AppStore|iPhoneSimulator.ActiveCfg = Release|Any CPU
		{E376D924-F51C-4033-8088-5B4853700E3F}.AppStore|iPhoneSimulator.Build.0 = Release|Any CPU
		{E376D924-F51C-4033-8088-5B4853700E3F}.AppStore|x64.ActiveCfg = Release|Any CPU
		{E376D924-F51C-4033-8088-5B4853700E3F}.AppStore|x64.Build.0 = Release|Any CPU
		{E376D924-F51C-4033-8088-5B4853700E3F}.AppStore|x86.ActiveCfg = Release|Any CPU
		{E376D924-F51C-4033-8088-5B4853700E3F}.AppStore|x86.Build.0 = Release|Any CPU
		{E376D924-F51C-4033-8088-5B4853700E3F}.Debug|Any CPU.ActiveCfg = Debug|Any CPU
		{E376D924-F51C-4033-8088-5B4853700E3F}.Debug|Any CPU.Build.0 = Debug|Any CPU
		{E376D924-F51C-4033-8088-5B4853700E3F}.Debug|ARM.ActiveCfg = Debug|Any CPU
		{E376D924-F51C-4033-8088-5B4853700E3F}.Debug|ARM.Build.0 = Debug|Any CPU
		{E376D924-F51C-4033-8088-5B4853700E3F}.Debug|iPhone.ActiveCfg = Debug|Any CPU
		{E376D924-F51C-4033-8088-5B4853700E3F}.Debug|iPhone.Build.0 = Debug|Any CPU
		{E376D924-F51C-4033-8088-5B4853700E3F}.Debug|iPhoneSimulator.ActiveCfg = Debug|Any CPU
		{E376D924-F51C-4033-8088-5B4853700E3F}.Debug|iPhoneSimulator.Build.0 = Debug|Any CPU
		{E376D924-F51C-4033-8088-5B4853700E3F}.Debug|x64.ActiveCfg = Debug|Any CPU
		{E376D924-F51C-4033-8088-5B4853700E3F}.Debug|x64.Build.0 = Debug|Any CPU
		{E376D924-F51C-4033-8088-5B4853700E3F}.Debug|x86.ActiveCfg = Debug|Any CPU
		{E376D924-F51C-4033-8088-5B4853700E3F}.Debug|x86.Build.0 = Debug|Any CPU
		{E376D924-F51C-4033-8088-5B4853700E3F}.Release|Any CPU.ActiveCfg = Release|Any CPU
		{E376D924-F51C-4033-8088-5B4853700E3F}.Release|Any CPU.Build.0 = Release|Any CPU
		{E376D924-F51C-4033-8088-5B4853700E3F}.Release|ARM.ActiveCfg = Release|Any CPU
		{E376D924-F51C-4033-8088-5B4853700E3F}.Release|ARM.Build.0 = Release|Any CPU
		{E376D924-F51C-4033-8088-5B4853700E3F}.Release|iPhone.ActiveCfg = Release|Any CPU
		{E376D924-F51C-4033-8088-5B4853700E3F}.Release|iPhone.Build.0 = Release|Any CPU
		{E376D924-F51C-4033-8088-5B4853700E3F}.Release|iPhoneSimulator.ActiveCfg = Release|Any CPU
		{E376D924-F51C-4033-8088-5B4853700E3F}.Release|iPhoneSimulator.Build.0 = Release|Any CPU
		{E376D924-F51C-4033-8088-5B4853700E3F}.Release|x64.ActiveCfg = Release|Any CPU
		{E376D924-F51C-4033-8088-5B4853700E3F}.Release|x64.Build.0 = Release|Any CPU
		{E376D924-F51C-4033-8088-5B4853700E3F}.Release|x86.ActiveCfg = Release|Any CPU
		{E376D924-F51C-4033-8088-5B4853700E3F}.Release|x86.Build.0 = Release|Any CPU
		{5A25730F-00AB-4CEB-B567-A46766FF6F93}.Ad-Hoc|Any CPU.ActiveCfg = Release|Any CPU
		{5A25730F-00AB-4CEB-B567-A46766FF6F93}.Ad-Hoc|Any CPU.Build.0 = Release|Any CPU
		{5A25730F-00AB-4CEB-B567-A46766FF6F93}.Ad-Hoc|ARM.ActiveCfg = Release|Any CPU
		{5A25730F-00AB-4CEB-B567-A46766FF6F93}.Ad-Hoc|ARM.Build.0 = Release|Any CPU
		{5A25730F-00AB-4CEB-B567-A46766FF6F93}.Ad-Hoc|iPhone.ActiveCfg = Release|Any CPU
		{5A25730F-00AB-4CEB-B567-A46766FF6F93}.Ad-Hoc|iPhone.Build.0 = Release|Any CPU
		{5A25730F-00AB-4CEB-B567-A46766FF6F93}.Ad-Hoc|iPhoneSimulator.ActiveCfg = Release|Any CPU
		{5A25730F-00AB-4CEB-B567-A46766FF6F93}.Ad-Hoc|iPhoneSimulator.Build.0 = Release|Any CPU
		{5A25730F-00AB-4CEB-B567-A46766FF6F93}.Ad-Hoc|x64.ActiveCfg = Release|Any CPU
		{5A25730F-00AB-4CEB-B567-A46766FF6F93}.Ad-Hoc|x64.Build.0 = Release|Any CPU
		{5A25730F-00AB-4CEB-B567-A46766FF6F93}.Ad-Hoc|x86.ActiveCfg = Release|Any CPU
		{5A25730F-00AB-4CEB-B567-A46766FF6F93}.Ad-Hoc|x86.Build.0 = Release|Any CPU
		{5A25730F-00AB-4CEB-B567-A46766FF6F93}.AppStore|Any CPU.ActiveCfg = Release|Any CPU
		{5A25730F-00AB-4CEB-B567-A46766FF6F93}.AppStore|Any CPU.Build.0 = Release|Any CPU
		{5A25730F-00AB-4CEB-B567-A46766FF6F93}.AppStore|ARM.ActiveCfg = Release|Any CPU
		{5A25730F-00AB-4CEB-B567-A46766FF6F93}.AppStore|ARM.Build.0 = Release|Any CPU
		{5A25730F-00AB-4CEB-B567-A46766FF6F93}.AppStore|iPhone.ActiveCfg = Release|Any CPU
		{5A25730F-00AB-4CEB-B567-A46766FF6F93}.AppStore|iPhone.Build.0 = Release|Any CPU
		{5A25730F-00AB-4CEB-B567-A46766FF6F93}.AppStore|iPhoneSimulator.ActiveCfg = Release|Any CPU
		{5A25730F-00AB-4CEB-B567-A46766FF6F93}.AppStore|iPhoneSimulator.Build.0 = Release|Any CPU
		{5A25730F-00AB-4CEB-B567-A46766FF6F93}.AppStore|x64.ActiveCfg = Release|Any CPU
		{5A25730F-00AB-4CEB-B567-A46766FF6F93}.AppStore|x64.Build.0 = Release|Any CPU
		{5A25730F-00AB-4CEB-B567-A46766FF6F93}.AppStore|x86.ActiveCfg = Release|Any CPU
		{5A25730F-00AB-4CEB-B567-A46766FF6F93}.AppStore|x86.Build.0 = Release|Any CPU
		{5A25730F-00AB-4CEB-B567-A46766FF6F93}.Debug|Any CPU.ActiveCfg = Debug|Any CPU
		{5A25730F-00AB-4CEB-B567-A46766FF6F93}.Debug|Any CPU.Build.0 = Debug|Any CPU
		{5A25730F-00AB-4CEB-B567-A46766FF6F93}.Debug|ARM.ActiveCfg = Debug|Any CPU
		{5A25730F-00AB-4CEB-B567-A46766FF6F93}.Debug|ARM.Build.0 = Debug|Any CPU
		{5A25730F-00AB-4CEB-B567-A46766FF6F93}.Debug|iPhone.ActiveCfg = Debug|Any CPU
		{5A25730F-00AB-4CEB-B567-A46766FF6F93}.Debug|iPhone.Build.0 = Debug|Any CPU
		{5A25730F-00AB-4CEB-B567-A46766FF6F93}.Debug|iPhoneSimulator.ActiveCfg = Debug|Any CPU
		{5A25730F-00AB-4CEB-B567-A46766FF6F93}.Debug|iPhoneSimulator.Build.0 = Debug|Any CPU
		{5A25730F-00AB-4CEB-B567-A46766FF6F93}.Debug|x64.ActiveCfg = Debug|Any CPU
		{5A25730F-00AB-4CEB-B567-A46766FF6F93}.Debug|x64.Build.0 = Debug|Any CPU
		{5A25730F-00AB-4CEB-B567-A46766FF6F93}.Debug|x86.ActiveCfg = Debug|Any CPU
		{5A25730F-00AB-4CEB-B567-A46766FF6F93}.Debug|x86.Build.0 = Debug|Any CPU
		{5A25730F-00AB-4CEB-B567-A46766FF6F93}.Release|Any CPU.ActiveCfg = Release|Any CPU
		{5A25730F-00AB-4CEB-B567-A46766FF6F93}.Release|Any CPU.Build.0 = Release|Any CPU
		{5A25730F-00AB-4CEB-B567-A46766FF6F93}.Release|ARM.ActiveCfg = Release|Any CPU
		{5A25730F-00AB-4CEB-B567-A46766FF6F93}.Release|ARM.Build.0 = Release|Any CPU
		{5A25730F-00AB-4CEB-B567-A46766FF6F93}.Release|iPhone.ActiveCfg = Release|Any CPU
		{5A25730F-00AB-4CEB-B567-A46766FF6F93}.Release|iPhone.Build.0 = Release|Any CPU
		{5A25730F-00AB-4CEB-B567-A46766FF6F93}.Release|iPhoneSimulator.ActiveCfg = Release|Any CPU
		{5A25730F-00AB-4CEB-B567-A46766FF6F93}.Release|iPhoneSimulator.Build.0 = Release|Any CPU
		{5A25730F-00AB-4CEB-B567-A46766FF6F93}.Release|x64.ActiveCfg = Release|Any CPU
		{5A25730F-00AB-4CEB-B567-A46766FF6F93}.Release|x64.Build.0 = Release|Any CPU
		{5A25730F-00AB-4CEB-B567-A46766FF6F93}.Release|x86.ActiveCfg = Release|Any CPU
		{5A25730F-00AB-4CEB-B567-A46766FF6F93}.Release|x86.Build.0 = Release|Any CPU
		{AA2BD1CD-9589-41F1-A306-629A674F302F}.Ad-Hoc|Any CPU.ActiveCfg = Release|Any CPU
		{AA2BD1CD-9589-41F1-A306-629A674F302F}.Ad-Hoc|Any CPU.Build.0 = Release|Any CPU
		{AA2BD1CD-9589-41F1-A306-629A674F302F}.Ad-Hoc|Any CPU.Deploy.0 = Release|Any CPU
		{AA2BD1CD-9589-41F1-A306-629A674F302F}.Ad-Hoc|ARM.ActiveCfg = Release|Any CPU
		{AA2BD1CD-9589-41F1-A306-629A674F302F}.Ad-Hoc|ARM.Build.0 = Release|Any CPU
		{AA2BD1CD-9589-41F1-A306-629A674F302F}.Ad-Hoc|ARM.Deploy.0 = Release|Any CPU
		{AA2BD1CD-9589-41F1-A306-629A674F302F}.Ad-Hoc|iPhone.ActiveCfg = Release|Any CPU
		{AA2BD1CD-9589-41F1-A306-629A674F302F}.Ad-Hoc|iPhone.Build.0 = Release|Any CPU
		{AA2BD1CD-9589-41F1-A306-629A674F302F}.Ad-Hoc|iPhone.Deploy.0 = Release|Any CPU
		{AA2BD1CD-9589-41F1-A306-629A674F302F}.Ad-Hoc|iPhoneSimulator.ActiveCfg = Release|Any CPU
		{AA2BD1CD-9589-41F1-A306-629A674F302F}.Ad-Hoc|iPhoneSimulator.Build.0 = Release|Any CPU
		{AA2BD1CD-9589-41F1-A306-629A674F302F}.Ad-Hoc|iPhoneSimulator.Deploy.0 = Release|Any CPU
		{AA2BD1CD-9589-41F1-A306-629A674F302F}.Ad-Hoc|x64.ActiveCfg = Release|Any CPU
		{AA2BD1CD-9589-41F1-A306-629A674F302F}.Ad-Hoc|x64.Build.0 = Release|Any CPU
		{AA2BD1CD-9589-41F1-A306-629A674F302F}.Ad-Hoc|x64.Deploy.0 = Release|Any CPU
		{AA2BD1CD-9589-41F1-A306-629A674F302F}.Ad-Hoc|x86.ActiveCfg = Release|Any CPU
		{AA2BD1CD-9589-41F1-A306-629A674F302F}.Ad-Hoc|x86.Build.0 = Release|Any CPU
		{AA2BD1CD-9589-41F1-A306-629A674F302F}.Ad-Hoc|x86.Deploy.0 = Release|Any CPU
		{AA2BD1CD-9589-41F1-A306-629A674F302F}.AppStore|Any CPU.ActiveCfg = Release|Any CPU
		{AA2BD1CD-9589-41F1-A306-629A674F302F}.AppStore|Any CPU.Build.0 = Release|Any CPU
		{AA2BD1CD-9589-41F1-A306-629A674F302F}.AppStore|Any CPU.Deploy.0 = Release|Any CPU
		{AA2BD1CD-9589-41F1-A306-629A674F302F}.AppStore|ARM.ActiveCfg = Release|Any CPU
		{AA2BD1CD-9589-41F1-A306-629A674F302F}.AppStore|ARM.Build.0 = Release|Any CPU
		{AA2BD1CD-9589-41F1-A306-629A674F302F}.AppStore|ARM.Deploy.0 = Release|Any CPU
		{AA2BD1CD-9589-41F1-A306-629A674F302F}.AppStore|iPhone.ActiveCfg = Release|Any CPU
		{AA2BD1CD-9589-41F1-A306-629A674F302F}.AppStore|iPhone.Build.0 = Release|Any CPU
		{AA2BD1CD-9589-41F1-A306-629A674F302F}.AppStore|iPhone.Deploy.0 = Release|Any CPU
		{AA2BD1CD-9589-41F1-A306-629A674F302F}.AppStore|iPhoneSimulator.ActiveCfg = Release|Any CPU
		{AA2BD1CD-9589-41F1-A306-629A674F302F}.AppStore|iPhoneSimulator.Build.0 = Release|Any CPU
		{AA2BD1CD-9589-41F1-A306-629A674F302F}.AppStore|iPhoneSimulator.Deploy.0 = Release|Any CPU
		{AA2BD1CD-9589-41F1-A306-629A674F302F}.AppStore|x64.ActiveCfg = Release|Any CPU
		{AA2BD1CD-9589-41F1-A306-629A674F302F}.AppStore|x64.Build.0 = Release|Any CPU
		{AA2BD1CD-9589-41F1-A306-629A674F302F}.AppStore|x64.Deploy.0 = Release|Any CPU
		{AA2BD1CD-9589-41F1-A306-629A674F302F}.AppStore|x86.ActiveCfg = Release|Any CPU
		{AA2BD1CD-9589-41F1-A306-629A674F302F}.AppStore|x86.Build.0 = Release|Any CPU
		{AA2BD1CD-9589-41F1-A306-629A674F302F}.AppStore|x86.Deploy.0 = Release|Any CPU
		{AA2BD1CD-9589-41F1-A306-629A674F302F}.Debug|Any CPU.ActiveCfg = Debug|Any CPU
		{AA2BD1CD-9589-41F1-A306-629A674F302F}.Debug|Any CPU.Build.0 = Debug|Any CPU
		{AA2BD1CD-9589-41F1-A306-629A674F302F}.Debug|Any CPU.Deploy.0 = Debug|Any CPU
		{AA2BD1CD-9589-41F1-A306-629A674F302F}.Debug|ARM.ActiveCfg = Debug|Any CPU
		{AA2BD1CD-9589-41F1-A306-629A674F302F}.Debug|ARM.Build.0 = Debug|Any CPU
		{AA2BD1CD-9589-41F1-A306-629A674F302F}.Debug|ARM.Deploy.0 = Debug|Any CPU
		{AA2BD1CD-9589-41F1-A306-629A674F302F}.Debug|iPhone.ActiveCfg = Debug|Any CPU
		{AA2BD1CD-9589-41F1-A306-629A674F302F}.Debug|iPhone.Build.0 = Debug|Any CPU
		{AA2BD1CD-9589-41F1-A306-629A674F302F}.Debug|iPhone.Deploy.0 = Debug|Any CPU
		{AA2BD1CD-9589-41F1-A306-629A674F302F}.Debug|iPhoneSimulator.ActiveCfg = Debug|Any CPU
		{AA2BD1CD-9589-41F1-A306-629A674F302F}.Debug|iPhoneSimulator.Build.0 = Debug|Any CPU
		{AA2BD1CD-9589-41F1-A306-629A674F302F}.Debug|iPhoneSimulator.Deploy.0 = Debug|Any CPU
		{AA2BD1CD-9589-41F1-A306-629A674F302F}.Debug|x64.ActiveCfg = Debug|Any CPU
		{AA2BD1CD-9589-41F1-A306-629A674F302F}.Debug|x64.Build.0 = Debug|Any CPU
		{AA2BD1CD-9589-41F1-A306-629A674F302F}.Debug|x64.Deploy.0 = Debug|Any CPU
		{AA2BD1CD-9589-41F1-A306-629A674F302F}.Debug|x86.ActiveCfg = Debug|Any CPU
		{AA2BD1CD-9589-41F1-A306-629A674F302F}.Debug|x86.Build.0 = Debug|Any CPU
		{AA2BD1CD-9589-41F1-A306-629A674F302F}.Debug|x86.Deploy.0 = Debug|Any CPU
		{AA2BD1CD-9589-41F1-A306-629A674F302F}.Release|Any CPU.ActiveCfg = Release|Any CPU
		{AA2BD1CD-9589-41F1-A306-629A674F302F}.Release|Any CPU.Build.0 = Release|Any CPU
		{AA2BD1CD-9589-41F1-A306-629A674F302F}.Release|Any CPU.Deploy.0 = Release|Any CPU
		{AA2BD1CD-9589-41F1-A306-629A674F302F}.Release|ARM.ActiveCfg = Release|Any CPU
		{AA2BD1CD-9589-41F1-A306-629A674F302F}.Release|ARM.Build.0 = Release|Any CPU
		{AA2BD1CD-9589-41F1-A306-629A674F302F}.Release|ARM.Deploy.0 = Release|Any CPU
		{AA2BD1CD-9589-41F1-A306-629A674F302F}.Release|iPhone.ActiveCfg = Release|Any CPU
		{AA2BD1CD-9589-41F1-A306-629A674F302F}.Release|iPhone.Build.0 = Release|Any CPU
		{AA2BD1CD-9589-41F1-A306-629A674F302F}.Release|iPhone.Deploy.0 = Release|Any CPU
		{AA2BD1CD-9589-41F1-A306-629A674F302F}.Release|iPhoneSimulator.ActiveCfg = Release|Any CPU
		{AA2BD1CD-9589-41F1-A306-629A674F302F}.Release|iPhoneSimulator.Build.0 = Release|Any CPU
		{AA2BD1CD-9589-41F1-A306-629A674F302F}.Release|iPhoneSimulator.Deploy.0 = Release|Any CPU
		{AA2BD1CD-9589-41F1-A306-629A674F302F}.Release|x64.ActiveCfg = Release|Any CPU
		{AA2BD1CD-9589-41F1-A306-629A674F302F}.Release|x64.Build.0 = Release|Any CPU
		{AA2BD1CD-9589-41F1-A306-629A674F302F}.Release|x64.Deploy.0 = Release|Any CPU
		{AA2BD1CD-9589-41F1-A306-629A674F302F}.Release|x86.ActiveCfg = Release|Any CPU
		{AA2BD1CD-9589-41F1-A306-629A674F302F}.Release|x86.Build.0 = Release|Any CPU
		{AA2BD1CD-9589-41F1-A306-629A674F302F}.Release|x86.Deploy.0 = Release|Any CPU
		{D43C53F3-64B2-4BC8-820C-0673339A7A83}.Ad-Hoc|Any CPU.ActiveCfg = Ad-Hoc|iPhone
		{D43C53F3-64B2-4BC8-820C-0673339A7A83}.Ad-Hoc|ARM.ActiveCfg = Ad-Hoc|iPhone
		{D43C53F3-64B2-4BC8-820C-0673339A7A83}.Ad-Hoc|iPhone.ActiveCfg = Ad-Hoc|iPhone
		{D43C53F3-64B2-4BC8-820C-0673339A7A83}.Ad-Hoc|iPhone.Build.0 = Ad-Hoc|iPhone
		{D43C53F3-64B2-4BC8-820C-0673339A7A83}.Ad-Hoc|iPhoneSimulator.ActiveCfg = Ad-Hoc|iPhoneSimulator
		{D43C53F3-64B2-4BC8-820C-0673339A7A83}.Ad-Hoc|iPhoneSimulator.Build.0 = Ad-Hoc|iPhoneSimulator
		{D43C53F3-64B2-4BC8-820C-0673339A7A83}.Ad-Hoc|x64.ActiveCfg = Ad-Hoc|iPhone
		{D43C53F3-64B2-4BC8-820C-0673339A7A83}.Ad-Hoc|x86.ActiveCfg = Ad-Hoc|iPhone
		{D43C53F3-64B2-4BC8-820C-0673339A7A83}.AppStore|Any CPU.ActiveCfg = AppStore|iPhone
		{D43C53F3-64B2-4BC8-820C-0673339A7A83}.AppStore|ARM.ActiveCfg = AppStore|iPhone
		{D43C53F3-64B2-4BC8-820C-0673339A7A83}.AppStore|iPhone.ActiveCfg = AppStore|iPhone
		{D43C53F3-64B2-4BC8-820C-0673339A7A83}.AppStore|iPhone.Build.0 = AppStore|iPhone
		{D43C53F3-64B2-4BC8-820C-0673339A7A83}.AppStore|iPhoneSimulator.ActiveCfg = AppStore|iPhoneSimulator
		{D43C53F3-64B2-4BC8-820C-0673339A7A83}.AppStore|iPhoneSimulator.Build.0 = AppStore|iPhoneSimulator
		{D43C53F3-64B2-4BC8-820C-0673339A7A83}.AppStore|x64.ActiveCfg = AppStore|iPhone
		{D43C53F3-64B2-4BC8-820C-0673339A7A83}.AppStore|x86.ActiveCfg = AppStore|iPhone
		{D43C53F3-64B2-4BC8-820C-0673339A7A83}.Debug|Any CPU.ActiveCfg = Debug|iPhone
		{D43C53F3-64B2-4BC8-820C-0673339A7A83}.Debug|ARM.ActiveCfg = Debug|iPhone
		{D43C53F3-64B2-4BC8-820C-0673339A7A83}.Debug|iPhone.ActiveCfg = Debug|iPhone
		{D43C53F3-64B2-4BC8-820C-0673339A7A83}.Debug|iPhone.Build.0 = Debug|iPhone
		{D43C53F3-64B2-4BC8-820C-0673339A7A83}.Debug|iPhoneSimulator.ActiveCfg = Debug|iPhoneSimulator
		{D43C53F3-64B2-4BC8-820C-0673339A7A83}.Debug|iPhoneSimulator.Build.0 = Debug|iPhoneSimulator
		{D43C53F3-64B2-4BC8-820C-0673339A7A83}.Debug|x64.ActiveCfg = Debug|iPhone
		{D43C53F3-64B2-4BC8-820C-0673339A7A83}.Debug|x86.ActiveCfg = Debug|iPhone
		{D43C53F3-64B2-4BC8-820C-0673339A7A83}.Release|Any CPU.ActiveCfg = Release|iPhone
		{D43C53F3-64B2-4BC8-820C-0673339A7A83}.Release|Any CPU.Build.0 = Release|iPhone
		{D43C53F3-64B2-4BC8-820C-0673339A7A83}.Release|ARM.ActiveCfg = Release|iPhone
		{D43C53F3-64B2-4BC8-820C-0673339A7A83}.Release|iPhone.ActiveCfg = Release|iPhone
		{D43C53F3-64B2-4BC8-820C-0673339A7A83}.Release|iPhone.Build.0 = Release|iPhone
		{D43C53F3-64B2-4BC8-820C-0673339A7A83}.Release|iPhoneSimulator.ActiveCfg = Release|iPhoneSimulator
		{D43C53F3-64B2-4BC8-820C-0673339A7A83}.Release|iPhoneSimulator.Build.0 = Release|iPhoneSimulator
		{D43C53F3-64B2-4BC8-820C-0673339A7A83}.Release|x64.ActiveCfg = Release|iPhone
		{D43C53F3-64B2-4BC8-820C-0673339A7A83}.Release|x86.ActiveCfg = Release|iPhone
		{4271BFD8-3C63-4D04-919E-D0E8618A3F2D}.Ad-Hoc|Any CPU.ActiveCfg = Release|x86
		{4271BFD8-3C63-4D04-919E-D0E8618A3F2D}.Ad-Hoc|Any CPU.Build.0 = Release|x86
		{4271BFD8-3C63-4D04-919E-D0E8618A3F2D}.Ad-Hoc|Any CPU.Deploy.0 = Release|x86
		{4271BFD8-3C63-4D04-919E-D0E8618A3F2D}.Ad-Hoc|ARM.ActiveCfg = Release|ARM
		{4271BFD8-3C63-4D04-919E-D0E8618A3F2D}.Ad-Hoc|ARM.Build.0 = Release|ARM
		{4271BFD8-3C63-4D04-919E-D0E8618A3F2D}.Ad-Hoc|ARM.Deploy.0 = Release|ARM
		{4271BFD8-3C63-4D04-919E-D0E8618A3F2D}.Ad-Hoc|iPhone.ActiveCfg = Release|x86
		{4271BFD8-3C63-4D04-919E-D0E8618A3F2D}.Ad-Hoc|iPhone.Build.0 = Release|x86
		{4271BFD8-3C63-4D04-919E-D0E8618A3F2D}.Ad-Hoc|iPhone.Deploy.0 = Release|x86
		{4271BFD8-3C63-4D04-919E-D0E8618A3F2D}.Ad-Hoc|iPhoneSimulator.ActiveCfg = Release|x86
		{4271BFD8-3C63-4D04-919E-D0E8618A3F2D}.Ad-Hoc|iPhoneSimulator.Build.0 = Release|x86
		{4271BFD8-3C63-4D04-919E-D0E8618A3F2D}.Ad-Hoc|iPhoneSimulator.Deploy.0 = Release|x86
		{4271BFD8-3C63-4D04-919E-D0E8618A3F2D}.Ad-Hoc|x64.ActiveCfg = Release|x64
		{4271BFD8-3C63-4D04-919E-D0E8618A3F2D}.Ad-Hoc|x64.Build.0 = Release|x64
		{4271BFD8-3C63-4D04-919E-D0E8618A3F2D}.Ad-Hoc|x64.Deploy.0 = Release|x64
		{4271BFD8-3C63-4D04-919E-D0E8618A3F2D}.Ad-Hoc|x86.ActiveCfg = Release|x86
		{4271BFD8-3C63-4D04-919E-D0E8618A3F2D}.Ad-Hoc|x86.Build.0 = Release|x86
		{4271BFD8-3C63-4D04-919E-D0E8618A3F2D}.Ad-Hoc|x86.Deploy.0 = Release|x86
		{4271BFD8-3C63-4D04-919E-D0E8618A3F2D}.AppStore|Any CPU.ActiveCfg = Release|x86
		{4271BFD8-3C63-4D04-919E-D0E8618A3F2D}.AppStore|Any CPU.Build.0 = Release|x86
		{4271BFD8-3C63-4D04-919E-D0E8618A3F2D}.AppStore|Any CPU.Deploy.0 = Release|x86
		{4271BFD8-3C63-4D04-919E-D0E8618A3F2D}.AppStore|ARM.ActiveCfg = Release|ARM
		{4271BFD8-3C63-4D04-919E-D0E8618A3F2D}.AppStore|ARM.Build.0 = Release|ARM
		{4271BFD8-3C63-4D04-919E-D0E8618A3F2D}.AppStore|ARM.Deploy.0 = Release|ARM
		{4271BFD8-3C63-4D04-919E-D0E8618A3F2D}.AppStore|iPhone.ActiveCfg = Release|x86
		{4271BFD8-3C63-4D04-919E-D0E8618A3F2D}.AppStore|iPhone.Build.0 = Release|x86
		{4271BFD8-3C63-4D04-919E-D0E8618A3F2D}.AppStore|iPhone.Deploy.0 = Release|x86
		{4271BFD8-3C63-4D04-919E-D0E8618A3F2D}.AppStore|iPhoneSimulator.ActiveCfg = Release|x86
		{4271BFD8-3C63-4D04-919E-D0E8618A3F2D}.AppStore|iPhoneSimulator.Build.0 = Release|x86
		{4271BFD8-3C63-4D04-919E-D0E8618A3F2D}.AppStore|iPhoneSimulator.Deploy.0 = Release|x86
		{4271BFD8-3C63-4D04-919E-D0E8618A3F2D}.AppStore|x64.ActiveCfg = Release|x64
		{4271BFD8-3C63-4D04-919E-D0E8618A3F2D}.AppStore|x64.Build.0 = Release|x64
		{4271BFD8-3C63-4D04-919E-D0E8618A3F2D}.AppStore|x64.Deploy.0 = Release|x64
		{4271BFD8-3C63-4D04-919E-D0E8618A3F2D}.AppStore|x86.ActiveCfg = Release|x86
		{4271BFD8-3C63-4D04-919E-D0E8618A3F2D}.AppStore|x86.Build.0 = Release|x86
		{4271BFD8-3C63-4D04-919E-D0E8618A3F2D}.AppStore|x86.Deploy.0 = Release|x86
		{4271BFD8-3C63-4D04-919E-D0E8618A3F2D}.Debug|Any CPU.ActiveCfg = Debug|x86
		{4271BFD8-3C63-4D04-919E-D0E8618A3F2D}.Debug|ARM.ActiveCfg = Debug|ARM
		{4271BFD8-3C63-4D04-919E-D0E8618A3F2D}.Debug|ARM.Build.0 = Debug|ARM
		{4271BFD8-3C63-4D04-919E-D0E8618A3F2D}.Debug|ARM.Deploy.0 = Debug|ARM
		{4271BFD8-3C63-4D04-919E-D0E8618A3F2D}.Debug|iPhone.ActiveCfg = Debug|x86
		{4271BFD8-3C63-4D04-919E-D0E8618A3F2D}.Debug|iPhoneSimulator.ActiveCfg = Debug|x86
		{4271BFD8-3C63-4D04-919E-D0E8618A3F2D}.Debug|x64.ActiveCfg = Debug|x64
		{4271BFD8-3C63-4D04-919E-D0E8618A3F2D}.Debug|x64.Build.0 = Debug|x64
		{4271BFD8-3C63-4D04-919E-D0E8618A3F2D}.Debug|x64.Deploy.0 = Debug|x64
		{4271BFD8-3C63-4D04-919E-D0E8618A3F2D}.Debug|x86.ActiveCfg = Debug|x86
		{4271BFD8-3C63-4D04-919E-D0E8618A3F2D}.Debug|x86.Build.0 = Debug|x86
		{4271BFD8-3C63-4D04-919E-D0E8618A3F2D}.Debug|x86.Deploy.0 = Debug|x86
		{4271BFD8-3C63-4D04-919E-D0E8618A3F2D}.Release|Any CPU.ActiveCfg = Release|x86
		{4271BFD8-3C63-4D04-919E-D0E8618A3F2D}.Release|ARM.ActiveCfg = Release|ARM
		{4271BFD8-3C63-4D04-919E-D0E8618A3F2D}.Release|ARM.Build.0 = Release|ARM
		{4271BFD8-3C63-4D04-919E-D0E8618A3F2D}.Release|ARM.Deploy.0 = Release|ARM
		{4271BFD8-3C63-4D04-919E-D0E8618A3F2D}.Release|iPhone.ActiveCfg = Release|x86
		{4271BFD8-3C63-4D04-919E-D0E8618A3F2D}.Release|iPhoneSimulator.ActiveCfg = Release|x86
		{4271BFD8-3C63-4D04-919E-D0E8618A3F2D}.Release|x64.ActiveCfg = Release|x64
		{4271BFD8-3C63-4D04-919E-D0E8618A3F2D}.Release|x64.Build.0 = Release|x64
		{4271BFD8-3C63-4D04-919E-D0E8618A3F2D}.Release|x64.Deploy.0 = Release|x64
		{4271BFD8-3C63-4D04-919E-D0E8618A3F2D}.Release|x86.ActiveCfg = Release|x86
		{4271BFD8-3C63-4D04-919E-D0E8618A3F2D}.Release|x86.Build.0 = Release|x86
		{4271BFD8-3C63-4D04-919E-D0E8618A3F2D}.Release|x86.Deploy.0 = Release|x86
		{252FE0EE-378E-4B35-B06A-BD6EDBD522B2}.Ad-Hoc|Any CPU.ActiveCfg = Release|x86
		{252FE0EE-378E-4B35-B06A-BD6EDBD522B2}.Ad-Hoc|Any CPU.Build.0 = Release|x86
		{252FE0EE-378E-4B35-B06A-BD6EDBD522B2}.Ad-Hoc|ARM.ActiveCfg = Release|x86
		{252FE0EE-378E-4B35-B06A-BD6EDBD522B2}.Ad-Hoc|ARM.Build.0 = Release|x86
		{252FE0EE-378E-4B35-B06A-BD6EDBD522B2}.Ad-Hoc|iPhone.ActiveCfg = Release|x86
		{252FE0EE-378E-4B35-B06A-BD6EDBD522B2}.Ad-Hoc|iPhone.Build.0 = Release|x86
		{252FE0EE-378E-4B35-B06A-BD6EDBD522B2}.Ad-Hoc|iPhoneSimulator.ActiveCfg = Release|x86
		{252FE0EE-378E-4B35-B06A-BD6EDBD522B2}.Ad-Hoc|iPhoneSimulator.Build.0 = Release|x86
		{252FE0EE-378E-4B35-B06A-BD6EDBD522B2}.Ad-Hoc|x64.ActiveCfg = Release|x86
		{252FE0EE-378E-4B35-B06A-BD6EDBD522B2}.Ad-Hoc|x64.Build.0 = Release|x86
		{252FE0EE-378E-4B35-B06A-BD6EDBD522B2}.Ad-Hoc|x86.ActiveCfg = Release|x86
		{252FE0EE-378E-4B35-B06A-BD6EDBD522B2}.Ad-Hoc|x86.Build.0 = Release|x86
		{252FE0EE-378E-4B35-B06A-BD6EDBD522B2}.AppStore|Any CPU.ActiveCfg = Release|x86
		{252FE0EE-378E-4B35-B06A-BD6EDBD522B2}.AppStore|Any CPU.Build.0 = Release|x86
		{252FE0EE-378E-4B35-B06A-BD6EDBD522B2}.AppStore|ARM.ActiveCfg = Release|x86
		{252FE0EE-378E-4B35-B06A-BD6EDBD522B2}.AppStore|ARM.Build.0 = Release|x86
		{252FE0EE-378E-4B35-B06A-BD6EDBD522B2}.AppStore|iPhone.ActiveCfg = Release|x86
		{252FE0EE-378E-4B35-B06A-BD6EDBD522B2}.AppStore|iPhone.Build.0 = Release|x86
		{252FE0EE-378E-4B35-B06A-BD6EDBD522B2}.AppStore|iPhoneSimulator.ActiveCfg = Release|x86
		{252FE0EE-378E-4B35-B06A-BD6EDBD522B2}.AppStore|iPhoneSimulator.Build.0 = Release|x86
		{252FE0EE-378E-4B35-B06A-BD6EDBD522B2}.AppStore|x64.ActiveCfg = Release|x86
		{252FE0EE-378E-4B35-B06A-BD6EDBD522B2}.AppStore|x64.Build.0 = Release|x86
		{252FE0EE-378E-4B35-B06A-BD6EDBD522B2}.AppStore|x86.ActiveCfg = Release|x86
		{252FE0EE-378E-4B35-B06A-BD6EDBD522B2}.AppStore|x86.Build.0 = Release|x86
		{252FE0EE-378E-4B35-B06A-BD6EDBD522B2}.Debug|Any CPU.ActiveCfg = Debug|x86
		{252FE0EE-378E-4B35-B06A-BD6EDBD522B2}.Debug|ARM.ActiveCfg = Debug|x86
		{252FE0EE-378E-4B35-B06A-BD6EDBD522B2}.Debug|iPhone.ActiveCfg = Debug|x86
		{252FE0EE-378E-4B35-B06A-BD6EDBD522B2}.Debug|iPhoneSimulator.ActiveCfg = Debug|x86
		{252FE0EE-378E-4B35-B06A-BD6EDBD522B2}.Debug|x64.ActiveCfg = Debug|x86
		{252FE0EE-378E-4B35-B06A-BD6EDBD522B2}.Debug|x86.ActiveCfg = Debug|x86
		{252FE0EE-378E-4B35-B06A-BD6EDBD522B2}.Debug|x86.Build.0 = Debug|x86
		{252FE0EE-378E-4B35-B06A-BD6EDBD522B2}.Release|Any CPU.ActiveCfg = Release|x86
		{252FE0EE-378E-4B35-B06A-BD6EDBD522B2}.Release|ARM.ActiveCfg = Release|x86
		{252FE0EE-378E-4B35-B06A-BD6EDBD522B2}.Release|iPhone.ActiveCfg = Release|x86
		{252FE0EE-378E-4B35-B06A-BD6EDBD522B2}.Release|iPhoneSimulator.ActiveCfg = Release|x86
		{252FE0EE-378E-4B35-B06A-BD6EDBD522B2}.Release|x64.ActiveCfg = Release|x86
		{252FE0EE-378E-4B35-B06A-BD6EDBD522B2}.Release|x86.ActiveCfg = Release|x86
		{252FE0EE-378E-4B35-B06A-BD6EDBD522B2}.Release|x86.Build.0 = Release|x86
		{54BA3295-7CC7-4F4D-903A-E8928CD96ECD}.Ad-Hoc|Any CPU.ActiveCfg = Release|Any CPU
		{54BA3295-7CC7-4F4D-903A-E8928CD96ECD}.Ad-Hoc|Any CPU.Build.0 = Release|Any CPU
		{54BA3295-7CC7-4F4D-903A-E8928CD96ECD}.Ad-Hoc|ARM.ActiveCfg = Release|Any CPU
		{54BA3295-7CC7-4F4D-903A-E8928CD96ECD}.Ad-Hoc|ARM.Build.0 = Release|Any CPU
		{54BA3295-7CC7-4F4D-903A-E8928CD96ECD}.Ad-Hoc|iPhone.ActiveCfg = Release|Any CPU
		{54BA3295-7CC7-4F4D-903A-E8928CD96ECD}.Ad-Hoc|iPhone.Build.0 = Release|Any CPU
		{54BA3295-7CC7-4F4D-903A-E8928CD96ECD}.Ad-Hoc|iPhoneSimulator.ActiveCfg = Release|Any CPU
		{54BA3295-7CC7-4F4D-903A-E8928CD96ECD}.Ad-Hoc|iPhoneSimulator.Build.0 = Release|Any CPU
		{54BA3295-7CC7-4F4D-903A-E8928CD96ECD}.Ad-Hoc|x64.ActiveCfg = Release|Any CPU
		{54BA3295-7CC7-4F4D-903A-E8928CD96ECD}.Ad-Hoc|x64.Build.0 = Release|Any CPU
		{54BA3295-7CC7-4F4D-903A-E8928CD96ECD}.Ad-Hoc|x86.ActiveCfg = Release|Any CPU
		{54BA3295-7CC7-4F4D-903A-E8928CD96ECD}.Ad-Hoc|x86.Build.0 = Release|Any CPU
		{54BA3295-7CC7-4F4D-903A-E8928CD96ECD}.AppStore|Any CPU.ActiveCfg = Release|Any CPU
		{54BA3295-7CC7-4F4D-903A-E8928CD96ECD}.AppStore|Any CPU.Build.0 = Release|Any CPU
		{54BA3295-7CC7-4F4D-903A-E8928CD96ECD}.AppStore|ARM.ActiveCfg = Release|Any CPU
		{54BA3295-7CC7-4F4D-903A-E8928CD96ECD}.AppStore|ARM.Build.0 = Release|Any CPU
		{54BA3295-7CC7-4F4D-903A-E8928CD96ECD}.AppStore|iPhone.ActiveCfg = Release|Any CPU
		{54BA3295-7CC7-4F4D-903A-E8928CD96ECD}.AppStore|iPhone.Build.0 = Release|Any CPU
		{54BA3295-7CC7-4F4D-903A-E8928CD96ECD}.AppStore|iPhoneSimulator.ActiveCfg = Release|Any CPU
		{54BA3295-7CC7-4F4D-903A-E8928CD96ECD}.AppStore|iPhoneSimulator.Build.0 = Release|Any CPU
		{54BA3295-7CC7-4F4D-903A-E8928CD96ECD}.AppStore|x64.ActiveCfg = Release|Any CPU
		{54BA3295-7CC7-4F4D-903A-E8928CD96ECD}.AppStore|x64.Build.0 = Release|Any CPU
		{54BA3295-7CC7-4F4D-903A-E8928CD96ECD}.AppStore|x86.ActiveCfg = Release|Any CPU
		{54BA3295-7CC7-4F4D-903A-E8928CD96ECD}.AppStore|x86.Build.0 = Release|Any CPU
		{54BA3295-7CC7-4F4D-903A-E8928CD96ECD}.Debug|Any CPU.ActiveCfg = Debug|Any CPU
		{54BA3295-7CC7-4F4D-903A-E8928CD96ECD}.Debug|Any CPU.Build.0 = Debug|Any CPU
		{54BA3295-7CC7-4F4D-903A-E8928CD96ECD}.Debug|ARM.ActiveCfg = Debug|Any CPU
		{54BA3295-7CC7-4F4D-903A-E8928CD96ECD}.Debug|ARM.Build.0 = Debug|Any CPU
		{54BA3295-7CC7-4F4D-903A-E8928CD96ECD}.Debug|iPhone.ActiveCfg = Debug|Any CPU
		{54BA3295-7CC7-4F4D-903A-E8928CD96ECD}.Debug|iPhone.Build.0 = Debug|Any CPU
		{54BA3295-7CC7-4F4D-903A-E8928CD96ECD}.Debug|iPhoneSimulator.ActiveCfg = Debug|Any CPU
		{54BA3295-7CC7-4F4D-903A-E8928CD96ECD}.Debug|iPhoneSimulator.Build.0 = Debug|Any CPU
		{54BA3295-7CC7-4F4D-903A-E8928CD96ECD}.Debug|x64.ActiveCfg = Debug|Any CPU
		{54BA3295-7CC7-4F4D-903A-E8928CD96ECD}.Debug|x64.Build.0 = Debug|Any CPU
		{54BA3295-7CC7-4F4D-903A-E8928CD96ECD}.Debug|x86.ActiveCfg = Debug|Any CPU
		{54BA3295-7CC7-4F4D-903A-E8928CD96ECD}.Debug|x86.Build.0 = Debug|Any CPU
		{54BA3295-7CC7-4F4D-903A-E8928CD96ECD}.Release|Any CPU.ActiveCfg = Release|Any CPU
		{54BA3295-7CC7-4F4D-903A-E8928CD96ECD}.Release|Any CPU.Build.0 = Release|Any CPU
		{54BA3295-7CC7-4F4D-903A-E8928CD96ECD}.Release|ARM.ActiveCfg = Release|Any CPU
		{54BA3295-7CC7-4F4D-903A-E8928CD96ECD}.Release|ARM.Build.0 = Release|Any CPU
		{54BA3295-7CC7-4F4D-903A-E8928CD96ECD}.Release|iPhone.ActiveCfg = Release|Any CPU
		{54BA3295-7CC7-4F4D-903A-E8928CD96ECD}.Release|iPhone.Build.0 = Release|Any CPU
		{54BA3295-7CC7-4F4D-903A-E8928CD96ECD}.Release|iPhoneSimulator.ActiveCfg = Release|Any CPU
		{54BA3295-7CC7-4F4D-903A-E8928CD96ECD}.Release|iPhoneSimulator.Build.0 = Release|Any CPU
		{54BA3295-7CC7-4F4D-903A-E8928CD96ECD}.Release|x64.ActiveCfg = Release|Any CPU
		{54BA3295-7CC7-4F4D-903A-E8928CD96ECD}.Release|x64.Build.0 = Release|Any CPU
		{54BA3295-7CC7-4F4D-903A-E8928CD96ECD}.Release|x86.ActiveCfg = Release|Any CPU
		{54BA3295-7CC7-4F4D-903A-E8928CD96ECD}.Release|x86.Build.0 = Release|Any CPU
	EndGlobalSection
	GlobalSection(SolutionProperties) = preSolution
		HideSolutionNode = FALSE
	EndGlobalSection
	GlobalSection(ExtensibilityGlobals) = postSolution
		SolutionGuid = {28AA38D9-1737-46A6-A227-CC3A7865D789}
	EndGlobalSection
EndGlobal
